
Microsoft Visual Studio Solution File, Format Version 12.00
# Visual Studio Version 17
VisualStudioVersion = 17.10.35122.118
MinimumVisualStudioVersion = 10.0.40219.1
Project("{FAE04EC0-301F-11D3-BF4B-00C04F79EFBC}") = "WebApplicationTraining5", "WebApplicationTraining5.csproj", "{07C807A9-17C6-48E2-BC05-18C16EBCE77D}"
EndProject
Global
	GlobalSection(SolutionConfigurationPlatforms) = preSolution
		Debug|Any CPU = Debug|Any CPU
		Release|Any CPU = Release|Any CPU
	EndGlobalSection
	GlobalSection(ProjectConfigurationPlatforms) = postSolution
		{07C807A9-17C6-48E2-BC05-18C16EBCE77D}.Debug|Any CPU.ActiveCfg = Debug|Any CPU
		{07C807A9-17C6-48E2-BC05-18C16EBCE77D}.Debug|Any CPU.Build.0 = Debug|Any CPU
		{07C807A9-17C6-48E2-BC05-18C16EBCE77D}.Release|Any CPU.ActiveCfg = Release|Any CPU
		{07C807A9-17C6-48E2-BC05-18C16EBCE77D}.Release|Any CPU.Build.0 = Release|Any CPU
	EndGlobalSection
	GlobalSection(SolutionProperties) = preSolution
		HideSolutionNode = FALSE
	EndGlobalSection
	GlobalSection(ExtensibilityGlobals) = postSolution
		SolutionGuid = {A9506F29-76BB-4BC0-BC7B-D524828501CE}
	EndGlobalSection
EndGlobal
